<?xml version="1.0" encoding="utf-8"?>
<Project ToolsVersion="4.0" xmlns="http://schemas.microsoft.com/developer/msbuild/2003">
  <ItemGroup>
    <ClCompile Include="main.cpp" />
    <ClCompile Include="API.cpp">
      <Filter>API</Filter>
    </ClCompile>
    <ClCompile Include="BufferManager.cpp">
      <Filter>BufferManager</Filter>
    </ClCompile>
    <ClCompile Include="CatalogManager.cpp">
      <Filter>CatalogManager</Filter>
    </ClCompile>
    <ClCompile Include="BPTree\BPTLeafNode.cpp">
      <Filter>IndexManager</Filter>
    </ClCompile>
    <ClCompile Include="BPTree\BPTNode.cpp">
      <Filter>IndexManager</Filter>
    </ClCompile>
    <ClCompile Include="BPTree\BPTNoneLeafNode.cpp">
      <Filter>IndexManager</Filter>
    </ClCompile>
    <ClCompile Include="BPTree\BPTree.cpp">
      <Filter>IndexManager</Filter>
    </ClCompile>
    <ClCompile Include="IndexManager.cpp">
      <Filter>IndexManager</Filter>
    </ClCompile>
    <ClCompile Include="Interpreter.cpp">
      <Filter>Interpreter</Filter>
    </ClCompile>
    <ClCompile Include="RecordManager.cpp">
      <Filter>RecordManager</Filter>
    </ClCompile>
    <ClCompile Include="ArrayList.cpp">
      <Filter>General</Filter>
    </ClCompile>
    <ClCompile Include="Exception.cpp">
      <Filter>General</Filter>
    </ClCompile>
    <ClCompile Include="Functor.cpp">
      <Filter>General</Filter>
    </ClCompile>
    <ClCompile Include="Generals.cpp">
      <Filter>General</Filter>
    </ClCompile>
    <ClCompile Include="StatementBlock.cpp">
      <Filter>General</Filter>
    </ClCompile>
  </ItemGroup>
  <ItemGroup>
    <ClInclude Include="API.h">
      <Filter>API</Filter>
    </ClInclude>
    <ClInclude Include="BufferManager.h">
      <Filter>BufferManager</Filter>
    </ClInclude>
    <ClInclude Include="CatalogManager.h">
      <Filter>CatalogManager</Filter>
    </ClInclude>
    <ClInclude Include="BPTree\BPTLeafNode.h">
      <Filter>IndexManager</Filter>
    </ClInclude>
    <ClInclude Include="BPTree\BPTNode.h">
      <Filter>IndexManager</Filter>
    </ClInclude>
    <ClInclude Include="BPTree\BPTNoneLeafNode.h">
      <Filter>IndexManager</Filter>
    </ClInclude>
    <ClInclude Include="BPTree\BPTree.h">
      <Filter>IndexManager</Filter>
    </ClInclude>
    <ClInclude Include="IndexManager.h">
      <Filter>IndexManager</Filter>
    </ClInclude>
    <ClInclude Include="Interpreter.h">
      <Filter>Interpreter</Filter>
    </ClInclude>
    <ClInclude Include="RecordManager.h">
      <Filter>RecordManager</Filter>
    </ClInclude>
    <ClInclude Include="ArrayList.h">
      <Filter>General</Filter>
    </ClInclude>
    <ClInclude Include="Exception.h">
      <Filter>General</Filter>
    </ClInclude>
    <ClInclude Include="Functor.h">
      <Filter>General</Filter>
    </ClInclude>
    <ClInclude Include="Generals.h">
      <Filter>General</Filter>
    </ClInclude>
    <ClInclude Include="StatementBlock.h">
      <Filter>General</Filter>
    </ClInclude>
  </ItemGroup>
  <ItemGroup>
    <Filter Include="API">
      <UniqueIdentifier>{a9f2e91f-2424-4b37-96b5-f77dd011bb3d}</UniqueIdentifier>
    </Filter>
    <Filter Include="BufferManager">
      <UniqueIdentifier>{3d4b2790-f374-46fa-9f7e-f3f49fe45e1f}</UniqueIdentifier>
    </Filter>
    <Filter Include="CatalogManager">
      <UniqueIdentifier>{b2090da6-b495-4844-a191-02377f275974}</UniqueIdentifier>
    </Filter>
    <Filter Include="IndexManager">
      <UniqueIdentifier>{ca273621-524d-48d9-b56f-106c5385d07e}</UniqueIdentifier>
    </Filter>
    <Filter Include="Interpreter">
      <UniqueIdentifier>{a3a99401-52ba-48b7-8937-30bb1cc1f08c}</UniqueIdentifier>
    </Filter>
    <Filter Include="RecordManager">
      <UniqueIdentifier>{80d575ef-f1f5-4d5e-90fa-c5b022ae0c83}</UniqueIdentifier>
    </Filter>
    <Filter Include="General">
      <UniqueIdentifier>{afab2717-e51c-459b-b930-9b714b7e752d}</UniqueIdentifier>
    </Filter>
  </ItemGroup>
</Project>